
Microsoft Visual Studio Solution File, Format Version 12.00
# Visual Studio 15
VisualStudioVersion = 15.0.27428.2043
MinimumVisualStudioVersion = 10.0.40219.1
Project("{FAE04EC0-301F-11D3-BF4B-00C04F79EFBC}") = "AgMIPToMonicaConverter", "AgMIPToMonicaConverter\AgMIPToMonicaConverter.csproj", "{613CD385-0280-4770-866D-A880172D266B}"
EndProject
Global
	GlobalSection(SolutionConfigurationPlatforms) = preSolution
		Debug|Any CPU = Debug|Any CPU
		Release|Any CPU = Release|Any CPU
	EndGlobalSection
	GlobalSection(ProjectConfigurationPlatforms) = postSolution
		{613CD385-0280-4770-866D-A880172D266B}.Debug|Any CPU.ActiveCfg = Debug|Any CPU
		{613CD385-0280-4770-866D-A880172D266B}.Debug|Any CPU.Build.0 = Debug|Any CPU
		{613CD385-0280-4770-866D-A880172D266B}.Release|Any CPU.ActiveCfg = Release|Any CPU
		{613CD385-0280-4770-866D-A880172D266B}.Release|Any CPU.Build.0 = Release|Any CPU
	EndGlobalSection
	GlobalSection(SolutionProperties) = preSolution
		HideSolutionNode = FALSE
	EndGlobalSection
	GlobalSection(ExtensibilityGlobals) = postSolution
		SolutionGuid = {55D8AAA8-175B-4A0F-970B-9546D24F4469}
	EndGlobalSection
EndGlobal
